# THIS IS AN AUTOGENERATED FILE. DO NOT EDIT THIS FILE DIRECTLY.
# yarn lockfile v1


"blueimp-canvas-to-blob@3":
  "integrity" "sha512-5q+YHzgGsuHQ01iouGgJaPJXod2AzTxJXmVv90PpGrRxU7G7IqgPqWXz+PBmt3520jKKi6irWbNV87DicEa7wg=="
  "resolved" "https://registry.npmjs.org/blueimp-canvas-to-blob/-/blueimp-canvas-to-blob-3.28.0.tgz"
  "version" "3.28.0"

"blueimp-file-upload@^10.31.0":
  "integrity" "sha512-dGAxOf9+SsMDvZPTsIUpe0cOk57taMJYE3FocHEUebhn5BnDbu1hcWOmrP8oswIe6V61Qcm9UDuhq/Pv1t/eRw=="
  "resolved" "https://registry.npmjs.org/blueimp-file-upload/-/blueimp-file-upload-10.31.0.tgz"
  "version" "10.31.0"
  optionalDependencies:
    "blueimp-canvas-to-blob" "3"
    "blueimp-load-image" "5"
    "blueimp-tmpl" "3"

"blueimp-gallery@^3.3.0":
  "integrity" "sha512-oUL10yoUGM9KZ8mP255/A/rp+w88TdiiS4KPbaUbOavlJdq8g/6ojZ5OPMRT8fsr1WHazJw5GCfU/i1p3ajq0g=="
  "resolved" "https://registry.npmjs.org/blueimp-gallery/-/blueimp-gallery-3.3.0.tgz"
  "version" "3.3.0"

"blueimp-load-image@5":
  "integrity" "sha512-g5l+4dCOESBG8HkPLdGnBx8dhEwpQHaOZ0en623sl54o3bGhGMLYGc54L5cWfGmPvfKUjbsY7LOAmcW/xlkBSA=="
  "resolved" "https://registry.npmjs.org/blueimp-load-image/-/blueimp-load-image-5.14.0.tgz"
  "version" "5.14.0"

"blueimp-tmpl@^3.19.0", "blueimp-tmpl@3":
  "integrity" "sha512-v8/Vge6U3uwlAjO9TxeHoYl77C1GJDZBN45pUp+39WyHU/VRzYbnGDhRNYvcT6Lh8jihVsXNZttnDpnYVA4m9w=="
  "resolved" "https://registry.npmjs.org/blueimp-tmpl/-/blueimp-tmpl-3.19.0.tgz"
  "version" "3.19.0"

"bootstrap@^3.4.1":
  "integrity" "sha512-yN5oZVmRCwe5aKwzRj6736nSmKDX7pLYwsXiCj/EYmo16hODaBiT4En5btW/jhBF/seV+XMx3aYwukYC3A49DA=="
  "resolved" "https://registry.npmjs.org/bootstrap/-/bootstrap-3.4.1.tgz"
  "version" "3.4.1"

"cropper@^4.1.0":
  "integrity" "sha512-dNbkWNT606oMgRQ2aYMerDnPpSVLBMTWyERDHsDwih1ahJiVpyfSM9ev/n6G4ElfRG8t0shUZ5FXLg7YtmDdBQ=="
  "resolved" "https://registry.npmjs.org/cropper/-/cropper-4.1.0.tgz"
  "version" "4.1.0"
  dependencies:
    "cropperjs" "^1.5.6"

"cropperjs@^1.5.6":
  "integrity" "sha512-re7UdjE5UnwdrovyhNzZ6gathI4Rs3KGCBSc8HCIjUo5hO42CtzyblmWLj6QWVw7huHyDMfpKxhiO2II77nhDw=="
  "resolved" "https://registry.npmjs.org/cropperjs/-/cropperjs-1.5.12.tgz"
  "version" "1.5.12"

"font-awesome@^4.7.0":
  "integrity" "sha1-j6jPBBGhoxr9B7BtKQK7n8gVoTM="
  "resolved" "https://registry.npmjs.org/font-awesome/-/font-awesome-4.7.0.tgz"
  "version" "4.7.0"

"jquery-ui-dist@^1.12.1":
  "integrity" "sha1-XAgV08xvkP9fqvWyaKbiO0ypBPo="
  "resolved" "https://registry.npmjs.org/jquery-ui-dist/-/jquery-ui-dist-1.12.1.tgz"
  "version" "1.12.1"

"jquery@^3.6.0", "jquery@>=1.7", "jquery@>=1.9.1":
  "integrity" "sha512-JVzAR/AjBvVt2BmYhxRCSYysDsPcssdmTFnzyLEts9qNwmjmu4JTAMYubEfwVOSwpQ1I1sKKFcxhZCI2buerfw=="
  "resolved" "https://registry.npmjs.org/jquery/-/jquery-3.6.0.tgz"
  "version" "3.6.0"
