# THIS IS AN AUTOGENERATED FILE. DO NOT EDIT THIS FILE DIRECTLY.
# yarn lockfile v1


blueimp-canvas-to-blob@3:
  version "3.28.0"
  resolved "https://registry.yarnpkg.com/blueimp-canvas-to-blob/-/blueimp-canvas-to-blob-3.28.0.tgz#c8ab4dc6bb08774a7f273798cdf94b0776adf6c8"
  integrity sha512-5q+YHzgGsuHQ01iouGgJaPJXod2AzTxJXmVv90PpGrRxU7G7IqgPqWXz+PBmt3520jKKi6irWbNV87DicEa7wg==

blueimp-file-upload@^10.31.0:
  version "10.31.0"
  resolved "https://registry.yarnpkg.com/blueimp-file-upload/-/blueimp-file-upload-10.31.0.tgz#46fc4fea4e678b57afbd9008f179e59fc3aa3e84"
  integrity sha512-dGAxOf9+SsMDvZPTsIUpe0cOk57taMJYE3FocHEUebhn5BnDbu1hcWOmrP8oswIe6V61Qcm9UDuhq/Pv1t/eRw==
  optionalDependencies:
    blueimp-canvas-to-blob "3"
    blueimp-load-image "5"
    blueimp-tmpl "3"

blueimp-gallery@^3.3.0:
  version "3.3.0"
  resolved "https://registry.yarnpkg.com/blueimp-gallery/-/blueimp-gallery-3.3.0.tgz#99186417fe86c3df32722be2af7b991c3048ef27"
  integrity sha512-oUL10yoUGM9KZ8mP255/A/rp+w88TdiiS4KPbaUbOavlJdq8g/6ojZ5OPMRT8fsr1WHazJw5GCfU/i1p3ajq0g==

blueimp-load-image@5:
  version "5.14.0"
  resolved "https://registry.yarnpkg.com/blueimp-load-image/-/blueimp-load-image-5.14.0.tgz#e8086415e580df802c33ff0da6b37a8d20205cc6"
  integrity sha512-g5l+4dCOESBG8HkPLdGnBx8dhEwpQHaOZ0en623sl54o3bGhGMLYGc54L5cWfGmPvfKUjbsY7LOAmcW/xlkBSA==

blueimp-tmpl@3, blueimp-tmpl@^3.19.0:
  version "3.19.0"
  resolved "https://registry.yarnpkg.com/blueimp-tmpl/-/blueimp-tmpl-3.19.0.tgz#1160f79c4ce55bd82d25cfa3df7db116f8d1df62"
  integrity sha512-v8/Vge6U3uwlAjO9TxeHoYl77C1GJDZBN45pUp+39WyHU/VRzYbnGDhRNYvcT6Lh8jihVsXNZttnDpnYVA4m9w==

bootstrap@^3.4.1:
  version "3.4.1"
  resolved "https://registry.yarnpkg.com/bootstrap/-/bootstrap-3.4.1.tgz#c3a347d419e289ad11f4033e3c4132b87c081d72"
  integrity sha512-yN5oZVmRCwe5aKwzRj6736nSmKDX7pLYwsXiCj/EYmo16hODaBiT4En5btW/jhBF/seV+XMx3aYwukYC3A49DA==

clipboard@^2.0.8:
  version "2.0.8"
  resolved "https://registry.yarnpkg.com/clipboard/-/clipboard-2.0.8.tgz#ffc6c103dd2967a83005f3f61976aa4655a4cdba"
  integrity sha512-Y6WO0unAIQp5bLmk1zdThRhgJt/x3ks6f30s3oE3H1mgIEU33XyQjEf8gsf6DxC7NPX8Y1SsNWjUjL/ywLnnbQ==
  dependencies:
    good-listener "^1.2.2"
    select "^1.1.2"
    tiny-emitter "^2.0.0"

cropper@^4.1.0:
  version "4.1.0"
  resolved "https://registry.yarnpkg.com/cropper/-/cropper-4.1.0.tgz#3c2faaa78f730a3c71814cee61e17c7a674b943f"
  integrity sha512-dNbkWNT606oMgRQ2aYMerDnPpSVLBMTWyERDHsDwih1ahJiVpyfSM9ev/n6G4ElfRG8t0shUZ5FXLg7YtmDdBQ==
  dependencies:
    cropperjs "^1.5.6"

cropperjs@^1.5.6:
  version "1.5.12"
  resolved "https://registry.yarnpkg.com/cropperjs/-/cropperjs-1.5.12.tgz#d9c0db2bfb8c0d769d51739e8f916bbc44e10f50"
  integrity sha512-re7UdjE5UnwdrovyhNzZ6gathI4Rs3KGCBSc8HCIjUo5hO42CtzyblmWLj6QWVw7huHyDMfpKxhiO2II77nhDw==

delegate@^3.1.2:
  version "3.2.0"
  resolved "https://registry.yarnpkg.com/delegate/-/delegate-3.2.0.tgz#b66b71c3158522e8ab5744f720d8ca0c2af59166"
  integrity sha512-IofjkYBZaZivn0V8nnsMJGBr4jVLxHDheKSW88PyxS5QC4Vo9ZbZVvhzlSxY87fVq3STR6r+4cGepyHkcWOQSw==

font-awesome@^4.7.0:
  version "4.7.0"
  resolved "https://registry.yarnpkg.com/font-awesome/-/font-awesome-4.7.0.tgz#8fa8cf0411a1a31afd07b06d2902bb9fc815a133"
  integrity sha1-j6jPBBGhoxr9B7BtKQK7n8gVoTM=

good-listener@^1.2.2:
  version "1.2.2"
  resolved "https://registry.yarnpkg.com/good-listener/-/good-listener-1.2.2.tgz#d53b30cdf9313dffb7dc9a0d477096aa6d145c50"
  integrity sha1-1TswzfkxPf+33JoNR3CWqm0UXFA=
  dependencies:
    delegate "^3.1.2"

jquery-form@^4.3.0:
  version "4.3.0"
  resolved "https://registry.yarnpkg.com/jquery-form/-/jquery-form-4.3.0.tgz#7d3961c314a1f2d15298f4af1d3943f54f4149c6"
  integrity sha512-q3uaVCEWdLOYUCI6dpNdwf/7cJFOsUgdpq6r0taxtGQ5NJSkOzofyWm4jpOuJ5YxdmL1FI5QR+q+HB63HHLGnQ==
  dependencies:
    jquery ">=1.7.2"

jquery-ui-dist@^1.12.1:
  version "1.12.1"
  resolved "https://registry.yarnpkg.com/jquery-ui-dist/-/jquery-ui-dist-1.12.1.tgz#5c0815d3cc6f90ff5faaf5b268a6e23b4ca904fa"
  integrity sha1-XAgV08xvkP9fqvWyaKbiO0ypBPo=

jquery@>=1.7.2, jquery@^3.6.0:
  version "3.6.0"
  resolved "https://registry.yarnpkg.com/jquery/-/jquery-3.6.0.tgz#c72a09f15c1bdce142f49dbf1170bdf8adac2470"
  integrity sha512-JVzAR/AjBvVt2BmYhxRCSYysDsPcssdmTFnzyLEts9qNwmjmu4JTAMYubEfwVOSwpQ1I1sKKFcxhZCI2buerfw==

select@^1.1.2:
  version "1.1.2"
  resolved "https://registry.yarnpkg.com/select/-/select-1.1.2.tgz#0e7350acdec80b1108528786ec1d4418d11b396d"
  integrity sha1-DnNQrN7ICxEIUoeG7B1EGNEbOW0=

tiny-emitter@^2.0.0:
  version "2.1.0"
  resolved "https://registry.yarnpkg.com/tiny-emitter/-/tiny-emitter-2.1.0.tgz#1d1a56edfc51c43e863cbb5382a72330e3555423"
  integrity sha512-NB6Dk1A9xgQPMoGqC5CVXn123gWyte215ONT5Pp5a0yt4nlEoO1ZWeCwpncaekPHXO60i47ihFnZPiRPjRMq4Q==
